
Microsoft Visual Studio Solution File, Format Version 12.00
# Visual Studio 2012
Project("{8BC9CEB8-8B4A-11D0-8D11-00A0C91BC942}") = "BreacketsBalance", "BreacketsBalance\BreacketsBalance.vcxproj", "{7869DD6D-5879-42FB-AFD9-454D243C22EC}"
EndProject
Global
	GlobalSection(SolutionConfigurationPlatforms) = preSolution
		Debug|Win32 = Debug|Win32
		Release|Win32 = Release|Win32
	EndGlobalSection
	GlobalSection(ProjectConfigurationPlatforms) = postSolution
		{7869DD6D-5879-42FB-AFD9-454D243C22EC}.Debug|Win32.ActiveCfg = Debug|Win32
		{7869DD6D-5879-42FB-AFD9-454D243C22EC}.Debug|Win32.Build.0 = Debug|Win32
		{7869DD6D-5879-42FB-AFD9-454D243C22EC}.Release|Win32.ActiveCfg = Release|Win32
		{7869DD6D-5879-42FB-AFD9-454D243C22EC}.Release|Win32.Build.0 = Release|Win32
	EndGlobalSection
	GlobalSection(SolutionProperties) = preSolution
		HideSolutionNode = FALSE
	EndGlobalSection
EndGlobal
